
Microsoft Visual Studio Solution File, Format Version 12.00
# Visual Studio Version 17
VisualStudioVersion = 17.0.31903.59
MinimumVisualStudioVersion = 10.0.40219.1
Project("{2150E333-8FDC-42A3-9474-1A3956D46DE8}") = "src", "src", "{827E0CD3-B72D-47B6-A68D-7590B98EB39B}"
EndProject
Project("{FAE04EC0-301F-11D3-BF4B-00C04F79EFBC}") = "Plugin.Types", "src\Plugin.Types\Plugin.Types.csproj", "{FFCEA0CB-57E2-448A-A6F6-878E039CA0AD}"
EndProject
Project("{FAE04EC0-301F-11D3-BF4B-00C04F79EFBC}") = "Plugin1", "src\Plugin1\Plugin1.csproj", "{1BC1BF50-9D41-45A3-9BD3-FC456BC4A359}"
EndProject
Project("{FAE04EC0-301F-11D3-BF4B-00C04F79EFBC}") = "Plugin2", "src\Plugin2\Plugin2.csproj", "{AA90C7B1-D967-48A2-B135-7B2031B73C00}"
EndProject
Project("{FAE04EC0-301F-11D3-BF4B-00C04F79EFBC}") = "App", "src\App\App.csproj", "{9498DC25-5E20-4A52-965C-5F194710F61B}"
EndProject
Global
	GlobalSection(SolutionConfigurationPlatforms) = preSolution
		Debug|Any CPU = Debug|Any CPU
		Debug|x64 = Debug|x64
		Debug|x86 = Debug|x86
		Release|Any CPU = Release|Any CPU
		Release|x64 = Release|x64
		Release|x86 = Release|x86
	EndGlobalSection
	GlobalSection(ProjectConfigurationPlatforms) = postSolution
		{FFCEA0CB-57E2-448A-A6F6-878E039CA0AD}.Debug|Any CPU.ActiveCfg = Debug|Any CPU
		{FFCEA0CB-57E2-448A-A6F6-878E039CA0AD}.Debug|Any CPU.Build.0 = Debug|Any CPU
		{FFCEA0CB-57E2-448A-A6F6-878E039CA0AD}.Debug|x64.ActiveCfg = Debug|Any CPU
		{FFCEA0CB-57E2-448A-A6F6-878E039CA0AD}.Debug|x64.Build.0 = Debug|Any CPU
		{FFCEA0CB-57E2-448A-A6F6-878E039CA0AD}.Debug|x86.ActiveCfg = Debug|Any CPU
		{FFCEA0CB-57E2-448A-A6F6-878E039CA0AD}.Debug|x86.Build.0 = Debug|Any CPU
		{FFCEA0CB-57E2-448A-A6F6-878E039CA0AD}.Release|Any CPU.ActiveCfg = Release|Any CPU
		{FFCEA0CB-57E2-448A-A6F6-878E039CA0AD}.Release|Any CPU.Build.0 = Release|Any CPU
		{FFCEA0CB-57E2-448A-A6F6-878E039CA0AD}.Release|x64.ActiveCfg = Release|Any CPU
		{FFCEA0CB-57E2-448A-A6F6-878E039CA0AD}.Release|x64.Build.0 = Release|Any CPU
		{FFCEA0CB-57E2-448A-A6F6-878E039CA0AD}.Release|x86.ActiveCfg = Release|Any CPU
		{FFCEA0CB-57E2-448A-A6F6-878E039CA0AD}.Release|x86.Build.0 = Release|Any CPU
		{1BC1BF50-9D41-45A3-9BD3-FC456BC4A359}.Debug|Any CPU.ActiveCfg = Debug|Any CPU
		{1BC1BF50-9D41-45A3-9BD3-FC456BC4A359}.Debug|Any CPU.Build.0 = Debug|Any CPU
		{1BC1BF50-9D41-45A3-9BD3-FC456BC4A359}.Debug|x64.ActiveCfg = Debug|Any CPU
		{1BC1BF50-9D41-45A3-9BD3-FC456BC4A359}.Debug|x64.Build.0 = Debug|Any CPU
		{1BC1BF50-9D41-45A3-9BD3-FC456BC4A359}.Debug|x86.ActiveCfg = Debug|Any CPU
		{1BC1BF50-9D41-45A3-9BD3-FC456BC4A359}.Debug|x86.Build.0 = Debug|Any CPU
		{1BC1BF50-9D41-45A3-9BD3-FC456BC4A359}.Release|Any CPU.ActiveCfg = Release|Any CPU
		{1BC1BF50-9D41-45A3-9BD3-FC456BC4A359}.Release|Any CPU.Build.0 = Release|Any CPU
		{1BC1BF50-9D41-45A3-9BD3-FC456BC4A359}.Release|x64.ActiveCfg = Release|Any CPU
		{1BC1BF50-9D41-45A3-9BD3-FC456BC4A359}.Release|x64.Build.0 = Release|Any CPU
		{1BC1BF50-9D41-45A3-9BD3-FC456BC4A359}.Release|x86.ActiveCfg = Release|Any CPU
		{1BC1BF50-9D41-45A3-9BD3-FC456BC4A359}.Release|x86.Build.0 = Release|Any CPU
		{AA90C7B1-D967-48A2-B135-7B2031B73C00}.Debug|Any CPU.ActiveCfg = Debug|Any CPU
		{AA90C7B1-D967-48A2-B135-7B2031B73C00}.Debug|Any CPU.Build.0 = Debug|Any CPU
		{AA90C7B1-D967-48A2-B135-7B2031B73C00}.Debug|x64.ActiveCfg = Debug|Any CPU
		{AA90C7B1-D967-48A2-B135-7B2031B73C00}.Debug|x64.Build.0 = Debug|Any CPU
		{AA90C7B1-D967-48A2-B135-7B2031B73C00}.Debug|x86.ActiveCfg = Debug|Any CPU
		{AA90C7B1-D967-48A2-B135-7B2031B73C00}.Debug|x86.Build.0 = Debug|Any CPU
		{AA90C7B1-D967-48A2-B135-7B2031B73C00}.Release|Any CPU.ActiveCfg = Release|Any CPU
		{AA90C7B1-D967-48A2-B135-7B2031B73C00}.Release|Any CPU.Build.0 = Release|Any CPU
		{AA90C7B1-D967-48A2-B135-7B2031B73C00}.Release|x64.ActiveCfg = Release|Any CPU
		{AA90C7B1-D967-48A2-B135-7B2031B73C00}.Release|x64.Build.0 = Release|Any CPU
		{AA90C7B1-D967-48A2-B135-7B2031B73C00}.Release|x86.ActiveCfg = Release|Any CPU
		{AA90C7B1-D967-48A2-B135-7B2031B73C00}.Release|x86.Build.0 = Release|Any CPU
		{9498DC25-5E20-4A52-965C-5F194710F61B}.Debug|Any CPU.ActiveCfg = Debug|Any CPU
		{9498DC25-5E20-4A52-965C-5F194710F61B}.Debug|Any CPU.Build.0 = Debug|Any CPU
		{9498DC25-5E20-4A52-965C-5F194710F61B}.Debug|x64.ActiveCfg = Debug|Any CPU
		{9498DC25-5E20-4A52-965C-5F194710F61B}.Debug|x64.Build.0 = Debug|Any CPU
		{9498DC25-5E20-4A52-965C-5F194710F61B}.Debug|x86.ActiveCfg = Debug|Any CPU
		{9498DC25-5E20-4A52-965C-5F194710F61B}.Debug|x86.Build.0 = Debug|Any CPU
		{9498DC25-5E20-4A52-965C-5F194710F61B}.Release|Any CPU.ActiveCfg = Release|Any CPU
		{9498DC25-5E20-4A52-965C-5F194710F61B}.Release|Any CPU.Build.0 = Release|Any CPU
		{9498DC25-5E20-4A52-965C-5F194710F61B}.Release|x64.ActiveCfg = Release|Any CPU
		{9498DC25-5E20-4A52-965C-5F194710F61B}.Release|x64.Build.0 = Release|Any CPU
		{9498DC25-5E20-4A52-965C-5F194710F61B}.Release|x86.ActiveCfg = Release|Any CPU
		{9498DC25-5E20-4A52-965C-5F194710F61B}.Release|x86.Build.0 = Release|Any CPU
	EndGlobalSection
	GlobalSection(SolutionProperties) = preSolution
		HideSolutionNode = FALSE
	EndGlobalSection
	GlobalSection(NestedProjects) = preSolution
		{FFCEA0CB-57E2-448A-A6F6-878E039CA0AD} = {827E0CD3-B72D-47B6-A68D-7590B98EB39B}
		{1BC1BF50-9D41-45A3-9BD3-FC456BC4A359} = {827E0CD3-B72D-47B6-A68D-7590B98EB39B}
		{AA90C7B1-D967-48A2-B135-7B2031B73C00} = {827E0CD3-B72D-47B6-A68D-7590B98EB39B}
		{9498DC25-5E20-4A52-965C-5F194710F61B} = {827E0CD3-B72D-47B6-A68D-7590B98EB39B}
	EndGlobalSection
EndGlobal
